
Microsoft Visual Studio Solution File, Format Version 12.00
# Visual Studio Version 16
VisualStudioVersion = 16.0.30711.63
MinimumVisualStudioVersion = 10.0.40219.1
Project("{FAE04EC0-301F-11D3-BF4B-00C04F79EFBC}") = "ComboBox_Bug", "ComboBox_Bug\ComboBox_Bug.csproj", "{C8A085A0-B5B7-4DE1-A435-AAA41C6E156F}"
EndProject
Global
	GlobalSection(SolutionConfigurationPlatforms) = preSolution
		Debug|Any CPU = Debug|Any CPU
		Release|Any CPU = Release|Any CPU
	EndGlobalSection
	GlobalSection(ProjectConfigurationPlatforms) = postSolution
		{C8A085A0-B5B7-4DE1-A435-AAA41C6E156F}.Debug|Any CPU.ActiveCfg = Debug|Any CPU
		{C8A085A0-B5B7-4DE1-A435-AAA41C6E156F}.Debug|Any CPU.Build.0 = Debug|Any CPU
		{C8A085A0-B5B7-4DE1-A435-AAA41C6E156F}.Release|Any CPU.ActiveCfg = Release|Any CPU
		{C8A085A0-B5B7-4DE1-A435-AAA41C6E156F}.Release|Any CPU.Build.0 = Release|Any CPU
	EndGlobalSection
	GlobalSection(SolutionProperties) = preSolution
		HideSolutionNode = FALSE
	EndGlobalSection
	GlobalSection(ExtensibilityGlobals) = postSolution
		SolutionGuid = {C98D611C-4F1F-412D-A2C6-653446F65F9E}
	EndGlobalSection
EndGlobal
